
Microsoft Visual Studio Solution File, Format Version 12.00
# Visual Studio 15
VisualStudioVersion = 15.0.28307.168
MinimumVisualStudioVersion = 10.0.40219.1
Project("{FAE04EC0-301F-11D3-BF4B-00C04F79EFBC}") = "SisPmsCore4", "SisPmsCore4\SisPmsCore4.csproj", "{8B6E36DE-D3EE-42AC-B8D9-46516E7D1008}"
EndProject
Global
	GlobalSection(SolutionConfigurationPlatforms) = preSolution
		Debug|Any CPU = Debug|Any CPU
		Release|Any CPU = Release|Any CPU
	EndGlobalSection
	GlobalSection(ProjectConfigurationPlatforms) = postSolution
		{8B6E36DE-D3EE-42AC-B8D9-46516E7D1008}.Debug|Any CPU.ActiveCfg = Debug|Any CPU
		{8B6E36DE-D3EE-42AC-B8D9-46516E7D1008}.Debug|Any CPU.Build.0 = Debug|Any CPU
		{8B6E36DE-D3EE-42AC-B8D9-46516E7D1008}.Release|Any CPU.ActiveCfg = Release|Any CPU
		{8B6E36DE-D3EE-42AC-B8D9-46516E7D1008}.Release|Any CPU.Build.0 = Release|Any CPU
	EndGlobalSection
	GlobalSection(SolutionProperties) = preSolution
		HideSolutionNode = FALSE
	EndGlobalSection
	GlobalSection(ExtensibilityGlobals) = postSolution
		SolutionGuid = {044DE025-E385-4457-8ADA-00C2F5851B02}
	EndGlobalSection
EndGlobal
